
Microsoft Visual Studio Solution File, Format Version 12.00
# Visual Studio Version 16
VisualStudioVersion = 16.0.32002.261
MinimumVisualStudioVersion = 10.0.40219.1
Project("{FAE04EC0-301F-11D3-BF4B-00C04F79EFBC}") = "ClienteHTTp", "ClienteHTTp.csproj", "{0EAA0B63-9DF8-4F57-8504-84FA29249365}"
EndProject
Global
	GlobalSection(SolutionConfigurationPlatforms) = preSolution
		Debug|Any CPU = Debug|Any CPU
		Release|Any CPU = Release|Any CPU
	EndGlobalSection
	GlobalSection(ProjectConfigurationPlatforms) = postSolution
		{0EAA0B63-9DF8-4F57-8504-84FA29249365}.Debug|Any CPU.ActiveCfg = Debug|Any CPU
		{0EAA0B63-9DF8-4F57-8504-84FA29249365}.Debug|Any CPU.Build.0 = Debug|Any CPU
		{0EAA0B63-9DF8-4F57-8504-84FA29249365}.Release|Any CPU.ActiveCfg = Release|Any CPU
		{0EAA0B63-9DF8-4F57-8504-84FA29249365}.Release|Any CPU.Build.0 = Release|Any CPU
	EndGlobalSection
	GlobalSection(SolutionProperties) = preSolution
		HideSolutionNode = FALSE
	EndGlobalSection
	GlobalSection(ExtensibilityGlobals) = postSolution
		SolutionGuid = {A1DE387E-EAE6-4734-A241-CD729A4546C6}
	EndGlobalSection
EndGlobal
